Microsoft Visual Studio Solution File, Format Version 12.00
# Visual Studio Version 17
VisualStudioVersion = 17.5.2.0
MinimumVisualStudioVersion = 10.0.40219.1
Project("{FAE04EC0-301F-11D3-BF4B-00C04F79EFBC}") = "NewServer", "NewServer.csproj", "{1689CBD1-DB40-D7AD-69DF-881716F2C30A}"
EndProject
Global
	GlobalSection(SolutionConfigurationPlatforms) = preSolution
		Debug|Any CPU = Debug|Any CPU
		Release|Any CPU = Release|Any CPU
	EndGlobalSection
	GlobalSection(ProjectConfigurationPlatforms) = postSolution
		{1689CBD1-DB40-D7AD-69DF-881716F2C30A}.Debug|Any CPU.ActiveCfg = Debug|Any CPU
		{1689CBD1-DB40-D7AD-69DF-881716F2C30A}.Debug|Any CPU.Build.0 = Debug|Any CPU
		{1689CBD1-DB40-D7AD-69DF-881716F2C30A}.Release|Any CPU.ActiveCfg = Release|Any CPU
		{1689CBD1-DB40-D7AD-69DF-881716F2C30A}.Release|Any CPU.Build.0 = Release|Any CPU
	EndGlobalSection
	GlobalSection(SolutionProperties) = preSolution
		HideSolutionNode = FALSE
	EndGlobalSection
	GlobalSection(ExtensibilityGlobals) = postSolution
		SolutionGuid = {EC97C4E3-4330-4C60-B1C1-08B490347981}
	EndGlobalSection
EndGlobal
